
Microsoft Visual Studio Solution File, Format Version 12.00
# Visual Studio Version 17
VisualStudioVersion = 17.4.33213.308
MinimumVisualStudioVersion = 10.0.40219.1
Project("{9A19103F-16F7-4668-BE54-9A1E7A4F7556}") = "FomoDog", "FomoDog\FomoDog.csproj", "{487B16D8-C184-4FDE-95A5-EDE418D43105}"
EndProject
Project("{9A19103F-16F7-4668-BE54-9A1E7A4F7556}") = "FomoDog.MessageTypes", "FomoDog.MessageTypes\FomoDog.MessageTypes.csproj", "{56A8CE44-02F1-4344-AADD-906125B2FABC}"
EndProject
Project("{9A19103F-16F7-4668-BE54-9A1E7A4F7556}") = "FomoDog.ChatGPT", "FomoDog.ChatGPT\FomoDog.ChatGPT.csproj", "{540FDD92-FCD3-4DD2-A3AC-8AADDEDB5109}"
EndProject
Project("{9A19103F-16F7-4668-BE54-9A1E7A4F7556}") = "FomoDog.Tests", "FomoDog\FomoDog.Tests\FomoDog.Tests.csproj", "{63B9C71E-F36E-4724-8C8F-E6A10EB107CF}"
EndProject
Project("{9A19103F-16F7-4668-BE54-9A1E7A4F7556}") = "FomoDog.ChatGPT.Tests", "FomoDog.ChatGPT\FomoDog.ChatGPT.Tests\FomoDog.ChatGPT.Tests.csproj", "{91C02DED-9848-4C32-923D-BBB13213FD32}"
EndProject
Project("{FAE04EC0-301F-11D3-BF4B-00C04F79EFBC}") = "FomoDog.DialogFlow", "FomoDog.DialogFlow\FomoDog.DialogFlow.csproj", "{447A2C53-CC73-4ADC-A0D6-4F71997D0899}"
EndProject
Global
	GlobalSection(SolutionConfigurationPlatforms) = preSolution
		Debug|Any CPU = Debug|Any CPU
		Release|Any CPU = Release|Any CPU
	EndGlobalSection
	GlobalSection(ProjectConfigurationPlatforms) = postSolution
		{487B16D8-C184-4FDE-95A5-EDE418D43105}.Debug|Any CPU.ActiveCfg = Debug|Any CPU
		{487B16D8-C184-4FDE-95A5-EDE418D43105}.Debug|Any CPU.Build.0 = Debug|Any CPU
		{487B16D8-C184-4FDE-95A5-EDE418D43105}.Release|Any CPU.ActiveCfg = Release|Any CPU
		{487B16D8-C184-4FDE-95A5-EDE418D43105}.Release|Any CPU.Build.0 = Release|Any CPU
		{56A8CE44-02F1-4344-AADD-906125B2FABC}.Debug|Any CPU.ActiveCfg = Debug|Any CPU
		{56A8CE44-02F1-4344-AADD-906125B2FABC}.Debug|Any CPU.Build.0 = Debug|Any CPU
		{56A8CE44-02F1-4344-AADD-906125B2FABC}.Release|Any CPU.ActiveCfg = Release|Any CPU
		{56A8CE44-02F1-4344-AADD-906125B2FABC}.Release|Any CPU.Build.0 = Release|Any CPU
		{540FDD92-FCD3-4DD2-A3AC-8AADDEDB5109}.Debug|Any CPU.ActiveCfg = Debug|Any CPU
		{540FDD92-FCD3-4DD2-A3AC-8AADDEDB5109}.Debug|Any CPU.Build.0 = Debug|Any CPU
		{540FDD92-FCD3-4DD2-A3AC-8AADDEDB5109}.Release|Any CPU.ActiveCfg = Release|Any CPU
		{540FDD92-FCD3-4DD2-A3AC-8AADDEDB5109}.Release|Any CPU.Build.0 = Release|Any CPU
		{63B9C71E-F36E-4724-8C8F-E6A10EB107CF}.Debug|Any CPU.ActiveCfg = Debug|Any CPU
		{63B9C71E-F36E-4724-8C8F-E6A10EB107CF}.Debug|Any CPU.Build.0 = Debug|Any CPU
		{63B9C71E-F36E-4724-8C8F-E6A10EB107CF}.Release|Any CPU.ActiveCfg = Release|Any CPU
		{63B9C71E-F36E-4724-8C8F-E6A10EB107CF}.Release|Any CPU.Build.0 = Release|Any CPU
		{91C02DED-9848-4C32-923D-BBB13213FD32}.Debug|Any CPU.ActiveCfg = Debug|Any CPU
		{91C02DED-9848-4C32-923D-BBB13213FD32}.Debug|Any CPU.Build.0 = Debug|Any CPU
		{91C02DED-9848-4C32-923D-BBB13213FD32}.Release|Any CPU.ActiveCfg = Release|Any CPU
		{91C02DED-9848-4C32-923D-BBB13213FD32}.Release|Any CPU.Build.0 = Release|Any CPU
		{447A2C53-CC73-4ADC-A0D6-4F71997D0899}.Debug|Any CPU.ActiveCfg = Debug|Any CPU
		{447A2C53-CC73-4ADC-A0D6-4F71997D0899}.Debug|Any CPU.Build.0 = Debug|Any CPU
		{447A2C53-CC73-4ADC-A0D6-4F71997D0899}.Release|Any CPU.ActiveCfg = Release|Any CPU
		{447A2C53-CC73-4ADC-A0D6-4F71997D0899}.Release|Any CPU.Build.0 = Release|Any CPU
	EndGlobalSection
	GlobalSection(SolutionProperties) = preSolution
		HideSolutionNode = FALSE
	EndGlobalSection
	GlobalSection(ExtensibilityGlobals) = postSolution
		SolutionGuid = {FD6AED24-E8AC-4312-B85D-4585356CA266}
	EndGlobalSection
EndGlobal
